
Microsoft Visual Studio Solution File, Format Version 12.00
# Visual Studio 15
VisualStudioVersion = 15.0.27004.2002
MinimumVisualStudioVersion = 10.0.40219.1
Project("{FAE04EC0-301F-11D3-BF4B-00C04F79EFBC}") = "ExtractEquationFrHwp", "ExtractEquationFrHwp\ExtractEquationFrHwp.csproj", "{129AA157-6DEF-49DD-96D0-2F45B26CB691}"
EndProject
Project("{FAE04EC0-301F-11D3-BF4B-00C04F79EFBC}") = "ExtractingEquation", "ExtractingEquation\ExtractingEquation.csproj", "{F553DBF6-84F9-45D2-87F1-19A8E566C945}"
EndProject
Global
	GlobalSection(SolutionConfigurationPlatforms) = preSolution
		Debug|Any CPU = Debug|Any CPU
		Release|Any CPU = Release|Any CPU
	EndGlobalSection
	GlobalSection(ProjectConfigurationPlatforms) = postSolution
		{129AA157-6DEF-49DD-96D0-2F45B26CB691}.Debug|Any CPU.ActiveCfg = Debug|Any CPU
		{129AA157-6DEF-49DD-96D0-2F45B26CB691}.Debug|Any CPU.Build.0 = Debug|Any CPU
		{129AA157-6DEF-49DD-96D0-2F45B26CB691}.Release|Any CPU.ActiveCfg = Release|Any CPU
		{129AA157-6DEF-49DD-96D0-2F45B26CB691}.Release|Any CPU.Build.0 = Release|Any CPU
		{F553DBF6-84F9-45D2-87F1-19A8E566C945}.Debug|Any CPU.ActiveCfg = Debug|Any CPU
		{F553DBF6-84F9-45D2-87F1-19A8E566C945}.Debug|Any CPU.Build.0 = Debug|Any CPU
		{F553DBF6-84F9-45D2-87F1-19A8E566C945}.Release|Any CPU.ActiveCfg = Release|Any CPU
		{F553DBF6-84F9-45D2-87F1-19A8E566C945}.Release|Any CPU.Build.0 = Release|Any CPU
	EndGlobalSection
	GlobalSection(SolutionProperties) = preSolution
		HideSolutionNode = FALSE
	EndGlobalSection
	GlobalSection(ExtensibilityGlobals) = postSolution
		SolutionGuid = {11F187E4-2441-4147-9523-6BFC34F17C7A}
	EndGlobalSection
EndGlobal
